// !$*UTF8*$!
{
	archiveVersion = 1;
	classes = {
	};
	objectVersion = 55;
	objects = {

/* Begin PBXBuildFile section */
		38D948CA288F80ED00EF2721 /* SuggestFoodView.swift in Sources */ = {isa = PBXBuildFile; fileRef = 38D948C9288F80ED00EF2721 /* SuggestFoodView.swift */; };
		38D948CB288F80ED00EF2721 /* SuggestFoodView.swift in Sources */ = {isa = PBXBuildFile; fileRef = 38D948C9288F80ED00EF2721 /* SuggestFoodView.swift */; };
		CB95E187288FCF0A0083833E /* SuggestReason.swift in Sources */ = {isa = PBXBuildFile; fileRef = CB95E186288FCF0A0083833E /* SuggestReason.swift */; };
		CB95E188288FCF0A0083833E /* SuggestReason.swift in Sources */ = {isa = PBXBuildFile; fileRef = CB95E186288FCF0A0083833E /* SuggestReason.swift */; };
		CBDF55CB288E707300793CF0 /* kaibenApp.swift in Sources */ = {isa = PBXBuildFile; fileRef = CBDF55BB288E707200793CF0 /* kaibenApp.swift */; };
		CBDF55CC288E707300793CF0 /* kaibenApp.swift in Sources */ = {isa = PBXBuildFile; fileRef = CBDF55BB288E707200793CF0 /* kaibenApp.swift */; };
		CBDF55CD288E707300793CF0 /* ContentView.swift in Sources */ = {isa = PBXBuildFile; fileRef = CBDF55BC288E707200793CF0 /* ContentView.swift */; };
		CBDF55CE288E707300793CF0 /* ContentView.swift in Sources */ = {isa = PBXBuildFile; fileRef = CBDF55BC288E707200793CF0 /* ContentView.swift */; };
		CBDF55CF288E707300793CF0 /* Assets.xcassets in Resources */ = {isa = PBXBuildFile; fileRef = CBDF55BD288E707300793CF0 /* Assets.xcassets */; };
		CBDF55D0288E707300793CF0 /* Assets.xcassets in Resources */ = {isa = PBXBuildFile; fileRef = CBDF55BD288E707300793CF0 /* Assets.xcassets */; };
		E5C81E41288E804B00A33140 /* README.md in Resources */ = {isa = PBXBuildFile; fileRef = E5C81E40288E804B00A33140 /* README.md */; };
/* End PBXBuildFile section */

/* Begin PBXFileReference section */
		38D948C9288F80ED00EF2721 /* SuggestFoodView.swift */ = {isa = PBXFileReference; lastKnownFileType = sourcecode.swift; path = SuggestFoodView.swift; sourceTree = "<group>"; };
		CB95E186288FCF0A0083833E /* SuggestReason.swift */ = {isa = PBXFileReference; lastKnownFileType = sourcecode.swift; path = SuggestReason.swift; sourceTree = "<group>"; };
		CBDF55BB288E707200793CF0 /* kaibenApp.swift */ = {isa = PBXFileReference; lastKnownFileType = sourcecode.swift; path = kaibenApp.swift; sourceTree = "<group>"; };
		CBDF55BC288E707200793CF0 /* ContentView.swift */ = {isa = PBXFileReference; lastKnownFileType = sourcecode.swift; path = ContentView.swift; sourceTree = "<group>"; };
		CBDF55BD288E707300793CF0 /* Assets.xcassets */ = {isa = PBXFileReference; lastKnownFileType = folder.assetcatalog; path = Assets.xcassets; sourceTree = "<group>"; };
		CBDF55C2288E707300793CF0 /* kaiben.app */ = {isa = PBXFileReference; explicitFileType = wrapper.application; includeInIndex = 0; path = kaiben.app; sourceTree = BUILT_PRODUCTS_DIR; };
		CBDF55C8288E707300793CF0 /* kaiben.app */ = {isa = PBXFileReference; explicitFileType = wrapper.application; includeInIndex = 0; path = kaiben.app; sourceTree = BUILT_PRODUCTS_DIR; };
		CBDF55CA288E707300793CF0 /* macOS.entitlements */ = {isa = PBXFileReference; lastKnownFileType = text.plist.entitlements; path = macOS.entitlements; sourceTree = "<group>"; };
		E5C81E40288E804B00A33140 /* README.md */ = {isa = PBXFileReference; lastKnownFileType = net.daringfireball.markdown; path = README.md; sourceTree = "<group>"; };
/* End PBXFileReference section */

/* Begin PBXFrameworksBuildPhase section */
		CBDF55BF288E707300793CF0 /* Frameworks */ = {
			isa = PBXFrameworksBuildPhase;
			buildActionMask = 2147483647;
			files = (
			);
			runOnlyForDeploymentPostprocessing = 0;
		};
		CBDF55C5288E707300793CF0 /* Frameworks */ = {
			isa = PBXFrameworksBuildPhase;
			buildActionMask = 2147483647;
			files = (
			);
			runOnlyForDeploymentPostprocessing = 0;
		};
/* End PBXFrameworksBuildPhase section */

/* Begin PBXGroup section */
		CBDF55B5288E707200793CF0 = {
			isa = PBXGroup;
			children = (
				E5C81E40288E804B00A33140 /* README.md */,
				CBDF55BA288E707200793CF0 /* Shared */,
				CBDF55C9288E707300793CF0 /* macOS */,
				CBDF55C3288E707300793CF0 /* Products */,
			);
			sourceTree = "<group>";
		};
		CBDF55BA288E707200793CF0 /* Shared */ = {
			isa = PBXGroup;
			children = (
				CBDF55BB288E707200793CF0 /* kaibenApp.swift */,
				CBDF55BC288E707200793CF0 /* ContentView.swift */,
				38D948C9288F80ED00EF2721 /* SuggestFoodView.swift */,
				CBDF55BD288E707300793CF0 /* Assets.xcassets */,
				CB95E186288FCF0A0083833E /* SuggestReason.swift */,
			);
			path = Shared;
			sourceTree = "<group>";
		};
		CBDF55C3288E707300793CF0 /* Products */ = {
			isa = PBXGroup;
			children = (
				CBDF55C2288E707300793CF0 /* kaiben.app */,
				CBDF55C8288E707300793CF0 /* kaiben.app */,
			);
			name = Products;
			sourceTree = "<group>";
		};
		CBDF55C9288E707300793CF0 /* macOS */ = {
			isa = PBXGroup;
			children = (
				CBDF55CA288E707300793CF0 /* macOS.entitlements */,
			);
			path = macOS;
			sourceTree = "<group>";
		};
/* End PBXGroup section */

/* Begin PBXNativeTarget section */
		CBDF55C1288E707300793CF0 /* kaiben (iOS) */ = {
			isa = PBXNativeTarget;
			buildConfigurationList = CBDF55D3288E707300793CF0 /* Build configuration list for PBXNativeTarget "kaiben (iOS)" */;
			buildPhases = (
				CBDF55BE288E707300793CF0 /* Sources */,
				CBDF55BF288E707300793CF0 /* Frameworks */,
				CBDF55C0288E707300793CF0 /* Resources */,
			);
			buildRules = (
			);
			dependencies = (
			);
			name = "kaiben (iOS)";
			productName = "kaiben (iOS)";
			productReference = CBDF55C2288E707300793CF0 /* kaiben.app */;
			productType = "com.apple.product-type.application";
		};
		CBDF55C7288E707300793CF0 /* kaiben (macOS) */ = {
			isa = PBXNativeTarget;
			buildConfigurationList = CBDF55D6288E707300793CF0 /* Build configuration list for PBXNativeTarget "kaiben (macOS)" */;
			buildPhases = (
				CBDF55C4288E707300793CF0 /* Sources */,
				CBDF55C5288E707300793CF0 /* Frameworks */,
				CBDF55C6288E707300793CF0 /* Resources */,
			);
			buildRules = (
			);
			dependencies = (
			);
			name = "kaiben (macOS)";
			productName = "kaiben (macOS)";
			productReference = CBDF55C8288E707300793CF0 /* kaiben.app */;
			productType = "com.apple.product-type.application";
		};
/* End PBXNativeTarget section */

/* Begin PBXProject section */
		CBDF55B6288E707200793CF0 /* Project object */ = {
			isa = PBXProject;
			attributes = {
				BuildIndependentTargetsInParallel = 1;
				LastSwiftUpdateCheck = 1320;
				LastUpgradeCheck = 1320;
				TargetAttributes = {
					CBDF55C1288E707300793CF0 = {
						CreatedOnToolsVersion = 13.2;
					};
					CBDF55C7288E707300793CF0 = {
						CreatedOnToolsVersion = 13.2;
					};
				};
			};
			buildConfigurationList = CBDF55B9288E707200793CF0 /* Build configuration list for PBXProject "kaiben" */;
			compatibilityVersion = "Xcode 13.0";
			developmentRegion = en;
			hasScannedForEncodings = 0;
			knownRegions = (
				en,
				Base,
			);
			mainGroup = CBDF55B5288E707200793CF0;
			productRefGroup = CBDF55C3288E707300793CF0 /* Products */;
			projectDirPath = "";
			projectRoot = "";
			targets = (
				CBDF55C1288E707300793CF0 /* kaiben (iOS) */,
				CBDF55C7288E707300793CF0 /* kaiben (macOS) */,
			);
		};
/* End PBXProject section */

/* Begin PBXResourcesBuildPhase section */
		CBDF55C0288E707300793CF0 /* Resources */ = {
			isa = PBXResourcesBuildPhase;
			buildActionMask = 2147483647;
			files = (
				E5C81E41288E804B00A33140 /* README.md in Resources */,
				CBDF55CF288E707300793CF0 /* Assets.xcassets in Resources */,
			);
			runOnlyForDeploymentPostprocessing = 0;
		};
		CBDF55C6288E707300793CF0 /* Resources */ = {
			isa = PBXResourcesBuildPhase;
			buildActionMask = 2147483647;
			files = (
				CBDF55D0288E707300793CF0 /* Assets.xcassets in Resources */,
			);
			runOnlyForDeploymentPostprocessing = 0;
		};
/* End PBXResourcesBuildPhase section */

/* Begin PBXSourcesBuildPhase section */
		CBDF55BE288E707300793CF0 /* Sources */ = {
			isa = PBXSourcesBuildPhase;
			buildActionMask = 2147483647;
			files = (
				CB95E187288FCF0A0083833E /* SuggestReason.swift in Sources */,
				38D948CA288F80ED00EF2721 /* SuggestFoodView.swift in Sources */,
				CBDF55CD288E707300793CF0 /* ContentView.swift in Sources */,
				CBDF55CB288E707300793CF0 /* kaibenApp.swift in Sources */,
			);
			runOnlyForDeploymentPostprocessing = 0;
		};
		CBDF55C4288E707300793CF0 /* Sources */ = {
			isa = PBXSourcesBuildPhase;
			buildActionMask = 2147483647;
			files = (
				CB95E188288FCF0A0083833E /* SuggestReason.swift in Sources */,
				38D948CB288F80ED00EF2721 /* SuggestFoodView.swift in Sources */,
				CBDF55CE288E707300793CF0 /* ContentView.swift in Sources */,
				CBDF55CC288E707300793CF0 /* kaibenApp.swift in Sources */,
			);
			runOnlyForDeploymentPostprocessing = 0;
		};
/* End PBXSourcesBuildPhase section */

/* Begin XCBuildConfiguration section */
		CBDF55D1288E707300793CF0 /* Debug */ = {
			isa = XCBuildConfiguration;
			buildSettings = {
				ALWAYS_SEARCH_USER_PATHS = NO;
				CLANG_ANALYZER_NONNULL = YES;
				CLANG_ANALYZER_NUMBER_OBJECT_CONVERSION = YES_AGGRESSIVE;
				CLANG_CXX_LANGUAGE_STANDARD = "gnu++17";
				CLANG_CXX_LIBRARY = "libc++";
				CLANG_ENABLE_MODULES = YES;
				CLANG_ENABLE_OBJC_ARC = YES;
				CLANG_ENABLE_OBJC_WEAK = YES;
				CLANG_WARN_BLOCK_CAPTURE_AUTORELEASING = YES;
				CLANG_WARN_BOOL_CONVERSION = YES;
				CLANG_WARN_COMMA = YES;
				CLANG_WARN_CONSTANT_CONVERSION = YES;
				CLANG_WARN_DEPRECATED_OBJC_IMPLEMENTATIONS = YES;
				CLANG_WARN_DIRECT_OBJC_ISA_USAGE = YES_ERROR;
				CLANG_WARN_DOCUMENTATION_COMMENTS = YES;
				CLANG_WARN_EMPTY_BODY = YES;
				CLANG_WARN_ENUM_CONVERSION = YES;
				CLANG_WARN_INFINITE_RECURSION = YES;
				CLANG_WARN_INT_CONVERSION = YES;
				CLANG_WARN_NON_LITERAL_NULL_CONVERSION = YES;
				CLANG_WARN_OBJC_IMPLICIT_RETAIN_SELF = YES;
				CLANG_WARN_OBJC_LITERAL_CONVERSION = YES;
				CLANG_WARN_OBJC_ROOT_CLASS = YES_ERROR;
				CLANG_WARN_QUOTED_INCLUDE_IN_FRAMEWORK_HEADER = YES;
				CLANG_WARN_RANGE_LOOP_ANALYSIS = YES;
				CLANG_WARN_STRICT_PROTOTYPES = YES;
				CLANG_WARN_SUSPICIOUS_MOVE = YES;
				CLANG_WARN_UNGUARDED_AVAILABILITY = YES_AGGRESSIVE;
				CLANG_WARN_UNREACHABLE_CODE = YES;
				CLANG_WARN__DUPLICATE_METHOD_MATCH = YES;
				COPY_PHASE_STRIP = NO;
				DEBUG_INFORMATION_FORMAT = dwarf;
				ENABLE_STRICT_OBJC_MSGSEND = YES;
				ENABLE_TESTABILITY = YES;
				GCC_C_LANGUAGE_STANDARD = gnu11;
				GCC_DYNAMIC_NO_PIC = NO;
				GCC_NO_COMMON_BLOCKS = YES;
				GCC_OPTIMIZATION_LEVEL = 0;
				GCC_PREPROCESSOR_DEFINITIONS = (
					"DEBUG=1",
					"$(inherited)",
				);
				GCC_WARN_64_TO_32_BIT_CONVERSION = YES;
				GCC_WARN_ABOUT_RETURN_TYPE = YES_ERROR;
				GCC_WARN_UNDECLARED_SELECTOR = YES;
				GCC_WARN_UNINITIALIZED_AUTOS = YES_AGGRESSIVE;
				GCC_WARN_UNUSED_FUNCTION = YES;
				GCC_WARN_UNUSED_VARIABLE = YES;
				MTL_ENABLE_DEBUG_INFO = INCLUDE_SOURCE;
				MTL_FAST_MATH = YES;
				ONLY_ACTIVE_ARCH = YES;
				SWIFT_ACTIVE_COMPILATION_CONDITIONS = DEBUG;
				SWIFT_OPTIMIZATION_LEVEL = "-Onone";
			};
			name = Debug;
		};
		CBDF55D2288E707300793CF0 /* Release */ = {
			isa = XCBuildConfiguration;
			buildSettings = {
				ALWAYS_SEARCH_USER_PATHS = NO;
				CLANG_ANALYZER_NONNULL = YES;
				CLANG_ANALYZER_NUMBER_OBJECT_CONVERSION = YES_AGGRESSIVE;
				CLANG_CXX_LANGUAGE_STANDARD = "gnu++17";
				CLANG_CXX_LIBRARY = "libc++";
				CLANG_ENABLE_MODULES = YES;
				CLANG_ENABLE_OBJC_ARC = YES;
				CLANG_ENABLE_OBJC_WEAK = YES;
				CLANG_WARN_BLOCK_CAPTURE_AUTORELEASING = YES;
				CLANG_WARN_BOOL_CONVERSION = YES;
				CLANG_WARN_COMMA = YES;
				CLANG_WARN_CONSTANT_CONVERSION = YES;
				CLANG_WARN_DEPRECATED_OBJC_IMPLEMENTATIONS = YES;
				CLANG_WARN_DIRECT_OBJC_ISA_USAGE = YES_ERROR;
				CLANG_WARN_DOCUMENTATION_COMMENTS = YES;
				CLANG_WARN_EMPTY_BODY = YES;
				CLANG_WARN_ENUM_CONVERSION = YES;
				CLANG_WARN_INFINITE_RECURSION = YES;
				CLANG_WARN_INT_CONVERSION = YES;
				CLANG_WARN_NON_LITERAL_NULL_CONVERSION = YES;
				CLANG_WARN_OBJC_IMPLICIT_RETAIN_SELF = YES;
				CLANG_WARN_OBJC_LITERAL_CONVERSION = YES;
				CLANG_WARN_OBJC_ROOT_CLASS = YES_ERROR;
				CLANG_WARN_QUOTED_INCLUDE_IN_FRAMEWORK_HEADER = YES;
				CLANG_WARN_RANGE_LOOP_ANALYSIS = YES;
				CLANG_WARN_STRICT_PROTOTYPES = YES;
				CLANG_WARN_SUSPICIOUS_MOVE = YES;
				CLANG_WARN_UNGUARDED_AVAILABILITY = YES_AGGRESSIVE;
				CLANG_WARN_UNREACHABLE_CODE = YES;
				CLANG_WARN__DUPLICATE_METHOD_MATCH = YES;
				COPY_PHASE_STRIP = NO;
				DEBUG_INFORMATION_FORMAT = "dwarf-with-dsym";
				ENABLE_NS_ASSERTIONS = NO;
				ENABLE_STRICT_OBJC_MSGSEND = YES;
				GCC_C_LANGUAGE_STANDARD = gnu11;
				GCC_NO_COMMON_BLOCKS = YES;
				GCC_WARN_64_TO_32_BIT_CONVERSION = YES;
				GCC_WARN_ABOUT_RETURN_TYPE = YES_ERROR;
				GCC_WARN_UNDECLARED_SELECTOR = YES;
				GCC_WARN_UNINITIALIZED_AUTOS = YES_AGGRESSIVE;
				GCC_WARN_UNUSED_FUNCTION = YES;
				GCC_WARN_UNUSED_VARIABLE = YES;
				MTL_ENABLE_DEBUG_INFO = NO;
				MTL_FAST_MATH = YES;
				SWIFT_COMPILATION_MODE = wholemodule;
				SWIFT_OPTIMIZATION_LEVEL = "-O";
			};
			name = Release;
		};
		CBDF55D4288E707300793CF0 /* Debug */ = {
			isa = XCBuildConfiguration;
			buildSettings = {
				ASSETCATALOG_COMPILER_APPICON_NAME = AppIcon;
				ASSETCATALOG_COMPILER_GLOBAL_ACCENT_COLOR_NAME = AccentColor;
				CODE_SIGN_STYLE = Automatic;
				CURRENT_PROJECT_VERSION = 1;
				DEVELOPMENT_TEAM = TAV4559STB;
				ENABLE_PREVIEWS = YES;
				GENERATE_INFOPLIST_FILE = YES;
				INFOPLIST_KEY_UIApplicationSceneManifest_Generation = YES;
				INFOPLIST_KEY_UIApplicationSupportsIndirectInputEvents = YES;
				INFOPLIST_KEY_UILaunchScreen_Generation = YES;
				INFOPLIST_KEY_UISupportedInterfaceOrientations_iPad = "UIInterfaceOrientationPortrait UIInterfaceOrientationPortraitUpsideDown UIInterfaceOrientationLandscapeLeft UIInterfaceOrientationLandscapeRight";
				INFOPLIST_KEY_UISupportedInterfaceOrientations_iPhone = "UIInterfaceOrientationPortrait UIInterfaceOrientationLandscapeLeft UIInterfaceOrientationLandscapeRight";
				IPHONEOS_DEPLOYMENT_TARGET = 15.2;
				LD_RUNPATH_SEARCH_PATHS = (
					"$(inherited)",
					"@executable_path/Frameworks",
				);
				MARKETING_VERSION = 1.0;
				PRODUCT_BUNDLE_IDENTIFIER = jp.ac.tsukuba.ko.taniguchi.kaiben;
				PRODUCT_NAME = kaiben;
				SDKROOT = iphoneos;
				SWIFT_EMIT_LOC_STRINGS = YES;
				SWIFT_VERSION = 5.0;
				TARGETED_DEVICE_FAMILY = "1,2";
			};
			name = Debug;
		};
		CBDF55D5288E707300793CF0 /* Release */ = {
			isa = XCBuildConfiguration;
			buildSettings = {
				ASSETCATALOG_COMPILER_APPICON_NAME = AppIcon;
				ASSETCATALOG_COMPILER_GLOBAL_ACCENT_COLOR_NAME = AccentColor;
				CODE_SIGN_STYLE = Automatic;
				CURRENT_PROJECT_VERSION = 1;
				DEVELOPMENT_TEAM = TAV4559STB;
				ENABLE_PREVIEWS = YES;
				GENERATE_INFOPLIST_FILE = YES;
				INFOPLIST_KEY_UIApplicationSceneManifest_Generation = YES;
				INFOPLIST_KEY_UIApplicationSupportsIndirectInputEvents = YES;
				INFOPLIST_KEY_UILaunchScreen_Generation = YES;
				INFOPLIST_KEY_UISupportedInterfaceOrientations_iPad = "UIInterfaceOrientationPortrait UIInterfaceOrientationPortraitUpsideDown UIInterfaceOrientationLandscapeLeft UIInterfaceOrientationLandscapeRight";
				INFOPLIST_KEY_UISupportedInterfaceOrientations_iPhone = "UIInterfaceOrientationPortrait UIInterfaceOrientationLandscapeLeft UIInterfaceOrientationLandscapeRight";
				IPHONEOS_DEPLOYMENT_TARGET = 15.2;
				LD_RUNPATH_SEARCH_PATHS = (
					"$(inherited)",
					"@executable_path/Frameworks",
				);
				MARKETING_VERSION = 1.0;
				PRODUCT_BUNDLE_IDENTIFIER = jp.ac.tsukuba.ko.taniguchi.kaiben;
				PRODUCT_NAME = kaiben;
				SDKROOT = iphoneos;
				SWIFT_EMIT_LOC_STRINGS = YES;
				SWIFT_VERSION = 5.0;
				TARGETED_DEVICE_FAMILY = "1,2";
				VALIDATE_PRODUCT = YES;
			};
			name = Release;
		};
		CBDF55D7288E707300793CF0 /* Debug */ = {
			isa = XCBuildConfiguration;
			buildSettings = {
				ASSETCATALOG_COMPILER_APPICON_NAME = AppIcon;
				ASSETCATALOG_COMPILER_GLOBAL_ACCENT_COLOR_NAME = AccentColor;
				CODE_SIGN_ENTITLEMENTS = macOS/macOS.entitlements;
				CODE_SIGN_STYLE = Automatic;
				COMBINE_HIDPI_IMAGES = YES;
				CURRENT_PROJECT_VERSION = 1;
				ENABLE_PREVIEWS = YES;
				GENERATE_INFOPLIST_FILE = YES;
				INFOPLIST_KEY_NSHumanReadableCopyright = "";
				LD_RUNPATH_SEARCH_PATHS = (
					"$(inherited)",
					"@executable_path/../Frameworks",
				);
				MACOSX_DEPLOYMENT_TARGET = 12.1;
				MARKETING_VERSION = 1.0;
				PRODUCT_BUNDLE_IDENTIFIER = jp.ac.tsukuba.taniguchi.kaiben;
				PRODUCT_NAME = kaiben;
				SDKROOT = macosx;
				SWIFT_EMIT_LOC_STRINGS = YES;
				SWIFT_VERSION = 5.0;
			};
			name = Debug;
		};
		CBDF55D8288E707300793CF0 /* Release */ = {
			isa = XCBuildConfiguration;
			buildSettings = {
				ASSETCATALOG_COMPILER_APPICON_NAME = AppIcon;
				ASSETCATALOG_COMPILER_GLOBAL_ACCENT_COLOR_NAME = AccentColor;
				CODE_SIGN_ENTITLEMENTS = macOS/macOS.entitlements;
				CODE_SIGN_STYLE = Automatic;
				COMBINE_HIDPI_IMAGES = YES;
				CURRENT_PROJECT_VERSION = 1;
				ENABLE_PREVIEWS = YES;
				GENERATE_INFOPLIST_FILE = YES;
				INFOPLIST_KEY_NSHumanReadableCopyright = "";
				LD_RUNPATH_SEARCH_PATHS = (
					"$(inherited)",
					"@executable_path/../Frameworks",
				);
				MACOSX_DEPLOYMENT_TARGET = 12.1;
				MARKETING_VERSION = 1.0;
				PRODUCT_BUNDLE_IDENTIFIER = jp.ac.tsukuba.taniguchi.kaiben;
				PRODUCT_NAME = kaiben;
				SDKROOT = macosx;
				SWIFT_EMIT_LOC_STRINGS = YES;
				SWIFT_VERSION = 5.0;
			};
			name = Release;
		};
/* End XCBuildConfiguration section */

/* Begin XCConfigurationList section */
		CBDF55B9288E707200793CF0 /* Build configuration list for PBXProject "kaiben" */ = {
			isa = XCConfigurationList;
			buildConfigurations = (
				CBDF55D1288E707300793CF0 /* Debug */,
				CBDF55D2288E707300793CF0 /* Release */,
			);
			defaultConfigurationIsVisible = 0;
			defaultConfigurationName = Release;
		};
		CBDF55D3288E707300793CF0 /* Build configuration list for PBXNativeTarget "kaiben (iOS)" */ = {
			isa = XCConfigurationList;
			buildConfigurations = (
				CBDF55D4288E707300793CF0 /* Debug */,
				CBDF55D5288E707300793CF0 /* Release */,
			);
			defaultConfigurationIsVisible = 0;
			defaultConfigurationName = Release;
		};
		CBDF55D6288E707300793CF0 /* Build configuration list for PBXNativeTarget "kaiben (macOS)" */ = {
			isa = XCConfigurationList;
			buildConfigurations = (
				CBDF55D7288E707300793CF0 /* Debug */,
				CBDF55D8288E707300793CF0 /* Release */,
			);
			defaultConfigurationIsVisible = 0;
			defaultConfigurationName = Release;
		};
/* End XCConfigurationList section */
	};
	rootObject = CBDF55B6288E707200793CF0 /* Project object */;
}
